
Microsoft Visual Studio Solution File, Format Version 12.00
# Visual Studio 2012
Project("{FAE04EC0-301F-11D3-BF4B-00C04F79EFBC}") = "EM.Cloud.TokenTypeAhead", "EM.Cloud.TokenTypeAhead\EM.Cloud.TokenTypeAhead.csproj", "{6140A148-FDE1-48DA-A4BA-83B6FBC1606F}"
EndProject
Global
	GlobalSection(SolutionConfigurationPlatforms) = preSolution
		Debug|Any CPU = Debug|Any CPU
		Release|Any CPU = Release|Any CPU
	EndGlobalSection
	GlobalSection(ProjectConfigurationPlatforms) = postSolution
		{6140A148-FDE1-48DA-A4BA-83B6FBC1606F}.Debug|Any CPU.ActiveCfg = Debug|Any CPU
		{6140A148-FDE1-48DA-A4BA-83B6FBC1606F}.Debug|Any CPU.Build.0 = Debug|Any CPU
		{6140A148-FDE1-48DA-A4BA-83B6FBC1606F}.Release|Any CPU.ActiveCfg = Release|Any CPU
		{6140A148-FDE1-48DA-A4BA-83B6FBC1606F}.Release|Any CPU.Build.0 = Release|Any CPU
	EndGlobalSection
	GlobalSection(SolutionProperties) = preSolution
		HideSolutionNode = FALSE
	EndGlobalSection
EndGlobal
